
Microsoft Visual Studio Solution File, Format Version 12.00
# Visual Studio Version 17
VisualStudioVersion = 17.11.35303.130
MinimumVisualStudioVersion = 10.0.40219.1
Project("{FAE04EC0-301F-11D3-BF4B-00C04F79EFBC}") = "movimientosTablero", "movimientosTablero.csproj", "{D70CD035-70BA-44AE-ABF5-B4C6D9FDEFCC}"
EndProject
Global
	GlobalSection(SolutionConfigurationPlatforms) = preSolution
		Debug|Any CPU = Debug|Any CPU
		Release|Any CPU = Release|Any CPU
	EndGlobalSection
	GlobalSection(ProjectConfigurationPlatforms) = postSolution
		{D70CD035-70BA-44AE-ABF5-B4C6D9FDEFCC}.Debug|Any CPU.ActiveCfg = Debug|Any CPU
		{D70CD035-70BA-44AE-ABF5-B4C6D9FDEFCC}.Debug|Any CPU.Build.0 = Debug|Any CPU
		{D70CD035-70BA-44AE-ABF5-B4C6D9FDEFCC}.Release|Any CPU.ActiveCfg = Release|Any CPU
		{D70CD035-70BA-44AE-ABF5-B4C6D9FDEFCC}.Release|Any CPU.Build.0 = Release|Any CPU
	EndGlobalSection
	GlobalSection(SolutionProperties) = preSolution
		HideSolutionNode = FALSE
	EndGlobalSection
	GlobalSection(ExtensibilityGlobals) = postSolution
		SolutionGuid = {3C485139-08E6-4E53-BE69-54187B9311B7}
	EndGlobalSection
EndGlobal
