
Microsoft Visual Studio Solution File, Format Version 12.00
# Visual Studio Version 17
VisualStudioVersion = 17.12.35527.113 d17.12
MinimumVisualStudioVersion = 10.0.40219.1
Project("{FAE04EC0-301F-11D3-BF4B-00C04F79EFBC}") = "EjercicioGestionInventario", "EjercicioGestionInventario\EjercicioGestionInventario.csproj", "{58BD55FE-3E7A-49D1-9697-3EE4C7BED0FD}"
EndProject
Global
	GlobalSection(SolutionConfigurationPlatforms) = preSolution
		Debug|Any CPU = Debug|Any CPU
		Release|Any CPU = Release|Any CPU
	EndGlobalSection
	GlobalSection(ProjectConfigurationPlatforms) = postSolution
		{58BD55FE-3E7A-49D1-9697-3EE4C7BED0FD}.Debug|Any CPU.ActiveCfg = Debug|Any CPU
		{58BD55FE-3E7A-49D1-9697-3EE4C7BED0FD}.Debug|Any CPU.Build.0 = Debug|Any CPU
		{58BD55FE-3E7A-49D1-9697-3EE4C7BED0FD}.Release|Any CPU.ActiveCfg = Release|Any CPU
		{58BD55FE-3E7A-49D1-9697-3EE4C7BED0FD}.Release|Any CPU.Build.0 = Release|Any CPU
	EndGlobalSection
	GlobalSection(SolutionProperties) = preSolution
		HideSolutionNode = FALSE
	EndGlobalSection
EndGlobal
